
Microsoft Visual Studio Solution File, Format Version 12.00
# Visual Studio Version 17
VisualStudioVersion = 17.8.34330.188
MinimumVisualStudioVersion = 10.0.40219.1
Project("{FAE04EC0-301F-11D3-BF4B-00C04F79EFBC}") = "blazor-web-app-test", "blazor-web-app-test\blazor-web-app-test.csproj", "{AC687140-3439-4BDA-87DB-8F32AF972B27}"
EndProject
Project("{FAE04EC0-301F-11D3-BF4B-00C04F79EFBC}") = "blazor-web-app-test.Client", "blazor-web-app-test.Client\blazor-web-app-test.Client.csproj", "{E4FF4D18-76D5-4B7C-9F81-41B10FBEB9C9}"
EndProject
Global
	GlobalSection(SolutionConfigurationPlatforms) = preSolution
		Debug|Any CPU = Debug|Any CPU
		Release|Any CPU = Release|Any CPU
	EndGlobalSection
	GlobalSection(ProjectConfigurationPlatforms) = postSolution
		{AC687140-3439-4BDA-87DB-8F32AF972B27}.Debug|Any CPU.ActiveCfg = Debug|Any CPU
		{AC687140-3439-4BDA-87DB-8F32AF972B27}.Debug|Any CPU.Build.0 = Debug|Any CPU
		{AC687140-3439-4BDA-87DB-8F32AF972B27}.Release|Any CPU.ActiveCfg = Release|Any CPU
		{AC687140-3439-4BDA-87DB-8F32AF972B27}.Release|Any CPU.Build.0 = Release|Any CPU
		{E4FF4D18-76D5-4B7C-9F81-41B10FBEB9C9}.Debug|Any CPU.ActiveCfg = Debug|Any CPU
		{E4FF4D18-76D5-4B7C-9F81-41B10FBEB9C9}.Debug|Any CPU.Build.0 = Debug|Any CPU
		{E4FF4D18-76D5-4B7C-9F81-41B10FBEB9C9}.Release|Any CPU.ActiveCfg = Release|Any CPU
		{E4FF4D18-76D5-4B7C-9F81-41B10FBEB9C9}.Release|Any CPU.Build.0 = Release|Any CPU
	EndGlobalSection
	GlobalSection(SolutionProperties) = preSolution
		HideSolutionNode = FALSE
	EndGlobalSection
	GlobalSection(ExtensibilityGlobals) = postSolution
		SolutionGuid = {43A62C9C-260A-4547-B6A6-0113B6E856A1}
	EndGlobalSection
EndGlobal
